
Microsoft Visual Studio Solution File, Format Version 12.00
# Visual Studio 15
VisualStudioVersion = 15.0.28010.2046
MinimumVisualStudioVersion = 10.0.40219.1
Project("{FAE04EC0-301F-11D3-BF4B-00C04F79EFBC}") = "Fattoriali_library", "Fattoriali_library\Fattoriali_library.csproj", "{B74C08B8-BD70-484D-BE62-238610765346}"
EndProject
Project("{FAE04EC0-301F-11D3-BF4B-00C04F79EFBC}") = "Fattoriali_UnitTest", "Fattoriali_UnitTest\Fattoriali_UnitTest.csproj", "{CF138385-B8E8-4801-A482-4B3D2D7DFF3C}"
EndProject
Global
	GlobalSection(SolutionConfigurationPlatforms) = preSolution
		Debug|Any CPU = Debug|Any CPU
		Release|Any CPU = Release|Any CPU
	EndGlobalSection
	GlobalSection(ProjectConfigurationPlatforms) = postSolution
		{B74C08B8-BD70-484D-BE62-238610765346}.Debug|Any CPU.ActiveCfg = Debug|Any CPU
		{B74C08B8-BD70-484D-BE62-238610765346}.Debug|Any CPU.Build.0 = Debug|Any CPU
		{B74C08B8-BD70-484D-BE62-238610765346}.Release|Any CPU.ActiveCfg = Release|Any CPU
		{B74C08B8-BD70-484D-BE62-238610765346}.Release|Any CPU.Build.0 = Release|Any CPU
		{CF138385-B8E8-4801-A482-4B3D2D7DFF3C}.Debug|Any CPU.ActiveCfg = Debug|Any CPU
		{CF138385-B8E8-4801-A482-4B3D2D7DFF3C}.Debug|Any CPU.Build.0 = Debug|Any CPU
		{CF138385-B8E8-4801-A482-4B3D2D7DFF3C}.Release|Any CPU.ActiveCfg = Release|Any CPU
		{CF138385-B8E8-4801-A482-4B3D2D7DFF3C}.Release|Any CPU.Build.0 = Release|Any CPU
	EndGlobalSection
	GlobalSection(SolutionProperties) = preSolution
		HideSolutionNode = FALSE
	EndGlobalSection
	GlobalSection(ExtensibilityGlobals) = postSolution
		SolutionGuid = {96DAFD3A-056C-45BB-B8BE-A704BB06AF0B}
	EndGlobalSection
EndGlobal
